
Microsoft Visual Studio Solution File, Format Version 12.00
# Visual Studio Version 17
VisualStudioVersion = 17.9.34701.34
MinimumVisualStudioVersion = 10.0.40219.1
Project("{FAE04EC0-301F-11D3-BF4B-00C04F79EFBC}") = "WebApplication1", "WebApplication1\WebApplication1.csproj", "{A7085F96-F6FF-470F-BDD8-CF04634F14C4}"
EndProject
Global
	GlobalSection(SolutionConfigurationPlatforms) = preSolution
		Debug|Any CPU = Debug|Any CPU
		Release|Any CPU = Release|Any CPU
	EndGlobalSection
	GlobalSection(ProjectConfigurationPlatforms) = postSolution
		{A7085F96-F6FF-470F-BDD8-CF04634F14C4}.Debug|Any CPU.ActiveCfg = Debug|Any CPU
		{A7085F96-F6FF-470F-BDD8-CF04634F14C4}.Debug|Any CPU.Build.0 = Debug|Any CPU
		{A7085F96-F6FF-470F-BDD8-CF04634F14C4}.Release|Any CPU.ActiveCfg = Release|Any CPU
		{A7085F96-F6FF-470F-BDD8-CF04634F14C4}.Release|Any CPU.Build.0 = Release|Any CPU
	EndGlobalSection
	GlobalSection(SolutionProperties) = preSolution
		HideSolutionNode = FALSE
	EndGlobalSection
	GlobalSection(ExtensibilityGlobals) = postSolution
		SolutionGuid = {5C375E4F-14B0-4C2D-A8CF-4AE645AFF6D1}
	EndGlobalSection
EndGlobal
